
Microsoft Visual Studio Solution File, Format Version 12.00
# Visual Studio Version 16
VisualStudioVersion = 16.0.31613.86
MinimumVisualStudioVersion = 10.0.40219.1
Project("{FAE04EC0-301F-11D3-BF4B-00C04F79EFBC}") = "TP01", "Problema1\TP01.csproj", "{65A4ED1A-C5E2-4DB8-A726-F7F173E132DA}"
EndProject
Global
	GlobalSection(SolutionConfigurationPlatforms) = preSolution
		Debug|Any CPU = Debug|Any CPU
		Release|Any CPU = Release|Any CPU
	EndGlobalSection
	GlobalSection(ProjectConfigurationPlatforms) = postSolution
		{65A4ED1A-C5E2-4DB8-A726-F7F173E132DA}.Debug|Any CPU.ActiveCfg = Debug|Any CPU
		{65A4ED1A-C5E2-4DB8-A726-F7F173E132DA}.Debug|Any CPU.Build.0 = Debug|Any CPU
		{65A4ED1A-C5E2-4DB8-A726-F7F173E132DA}.Release|Any CPU.ActiveCfg = Release|Any CPU
		{65A4ED1A-C5E2-4DB8-A726-F7F173E132DA}.Release|Any CPU.Build.0 = Release|Any CPU
	EndGlobalSection
	GlobalSection(SolutionProperties) = preSolution
		HideSolutionNode = FALSE
	EndGlobalSection
	GlobalSection(ExtensibilityGlobals) = postSolution
		SolutionGuid = {D7D2EC3B-7F02-480E-9DBE-7F7C067DC6AB}
	EndGlobalSection
EndGlobal
